
Microsoft Visual Studio Solution File, Format Version 12.00
# Visual Studio Version 17
VisualStudioVersion = 17.6.33829.357
MinimumVisualStudioVersion = 10.0.40219.1
Project("{2150E333-8FDC-42A3-9474-1A3956D46DE8}") = "VPS.Test", "VPS.Test", "{EB14ED5C-512F-442A-990B-AE2462DA5145}"
EndProject
Project("{2150E333-8FDC-42A3-9474-1A3956D46DE8}") = "VPS.Providers", "VPS.Providers", "{694DFFE1-9854-43F6-8B93-02E701858A23}"
EndProject
Project("{2150E333-8FDC-42A3-9474-1A3956D46DE8}") = "VPS.Widgets", "VPS.Widgets", "{2360EB43-3ADD-4FD1-AA1E-FF198B4EFF25}"
EndProject
Project("{2150E333-8FDC-42A3-9474-1A3956D46DE8}") = "VPS.Services", "VPS.Services", "{3B6AC640-3D43-44BC-815D-924B4536B62D}"
EndProject
Project("{2150E333-8FDC-42A3-9474-1A3956D46DE8}") = "VPS.Infrastructure", "VPS.Infrastructure", "{35B15B04-A6A2-442A-86AF-52771649690B}"
EndProject
Project("{2150E333-8FDC-42A3-9474-1A3956D46DE8}") = "VPS.Helpers", "VPS.Helpers", "{17EBF04F-CCE9-4D45-A2AF-4CF03851BFC1}"
EndProject
Project("{2150E333-8FDC-42A3-9474-1A3956D46DE8}") = "VPS.API", "VPS.API", "{4FB746E8-244A-4E82-BDAD-F44D0462398E}"
EndProject
Project("{2150E333-8FDC-42A3-9474-1A3956D46DE8}") = "VPS.Domain", "VPS.Domain", "{E605DEF9-DA3B-4189-93B4-8C3E7FFB7A5B}"
EndProject
Project("{9A19103F-16F7-4668-BE54-9A1E7A4F7556}") = "VPS.Domain", "VPS.Domain\VPS.Domain.csproj", "{748880FA-19B1-463D-AA2C-89059BC21B1E}"
EndProject
Project("{9A19103F-16F7-4668-BE54-9A1E7A4F7556}") = "VPS.Helpers", "VPS.Helpers\VPS.Helpers.csproj", "{48A2B7B1-2D38-4476-8EB7-47F35BD130DC}"
EndProject
Project("{9A19103F-16F7-4668-BE54-9A1E7A4F7556}") = "VPS.Infrastructure", "VPS.Infrastructure\VPS.Infrastructure.csproj", "{49AE2AA1-42A1-459A-8F17-3E1D7DCFC4F9}"
EndProject
Project("{9A19103F-16F7-4668-BE54-9A1E7A4F7556}") = "VPS.Provider.EasyLoad", "VPS.Provider.EasyLoad\VPS.Provider.EasyLoad.csproj", "{9BB7F1CD-E4BB-4778-8229-45AC68802FBF}"
EndProject
Project("{2150E333-8FDC-42A3-9474-1A3956D46DE8}") = "EasyLoad", "EasyLoad", "{5A98640B-9FA1-4CE0-B7E0-AFC0DCE28A5A}"
EndProject
Project("{9A19103F-16F7-4668-BE54-9A1E7A4F7556}") = "VPS.Test.EasyLoad", "VPS.Test.EasyLoad\VPS.Test.EasyLoad.csproj", "{6A636A0F-8734-4A4A-B773-C3DD55A3483B}"
EndProject
Project("{9A19103F-16F7-4668-BE54-9A1E7A4F7556}") = "VPS.Services", "VPS.Services\VPS.Services.csproj", "{8F9F1E45-23AF-435C-B4CD-B024069FAFC0}"
EndProject
Project("{2150E333-8FDC-42A3-9474-1A3956D46DE8}") = "BluVoucher", "BluVoucher", "{1A6DF25E-8D06-4BE6-BBAC-27A433CE6A99}"
EndProject
Project("{9A19103F-16F7-4668-BE54-9A1E7A4F7556}") = "VPS.Provider.BluVoucher", "VPS.Provider.BluVoucher\VPS.Provider.BluVoucher.csproj", "{4991BD9E-A1ED-4CD8-9612-F1E945C0B708}"
EndProject
Project("{9A19103F-16F7-4668-BE54-9A1E7A4F7556}") = "VPS.Test.BluVoucher", "VPS.Test.BluVoucher\VPS.Test.BluVoucher.csproj", "{D393327B-DBF7-4954-A4AE-6E891966BCD5}"
EndProject
Project("{9A19103F-16F7-4668-BE54-9A1E7A4F7556}") = "VPS.API", "VPS.API\VPS.API.csproj", "{47CFD324-263A-48B0-9EBD-457CE82743A4}"
EndProject
Project("{9A19103F-16F7-4668-BE54-9A1E7A4F7556}") = "VPS.Provider.OTT", "VPS.Provider.OTT\VPS.Provider.OTT.csproj", "{8E9AD527-0219-4E43-842E-E5D9FD098B7F}"
EndProject
Project("{2150E333-8FDC-42A3-9474-1A3956D46DE8}") = "OTTVouchers", "OTTVouchers", "{3E77412B-8D25-4A76-8BFB-F04449BB36F4}"
EndProject
Project("{9A19103F-16F7-4668-BE54-9A1E7A4F7556}") = "VPS.Test.OTTVoucher", "VPS.Test.OTTVouchers\VPS.Test.OTTVoucher.csproj", "{0CD16A93-02FA-44FE-8939-47B2B1F2D409}"
EndProject
Project("{9A19103F-16F7-4668-BE54-9A1E7A4F7556}") = "VPS.Provider.HollyTopUp", "VPS.Provider.HollyTopUp\VPS.Provider.HollyTopUp.csproj", "{2B034519-621D-48C8-8926-60CB4994B749}"
EndProject
Project("{2150E333-8FDC-42A3-9474-1A3956D46DE8}") = "Common", "Common", "{1711F8E1-AFCA-4516-9252-1715B62DF2CE}"
EndProject
Project("{9A19103F-16F7-4668-BE54-9A1E7A4F7556}") = "VPS.Test.Common", "VPS.Test.Common\VPS.Test.Common.csproj", "{D4539AB6-D375-4FE7-A073-9E9754B6C98A}"
EndProject
Project("{9A19103F-16F7-4668-BE54-9A1E7A4F7556}") = "VPS.Provider.RACellularVoucher", "VPS.Provider.RACellularVoucher\VPS.Provider.RACellularVoucher.csproj", "{B50E22E3-D5AB-4CE5-8C23-CC358B3B1632}"
EndProject
Project("{2150E333-8FDC-42A3-9474-1A3956D46DE8}") = "RACellular", "RACellular", "{A32A195F-BC02-48F9-8D94-3436F5E8B274}"
EndProject
Project("{9A19103F-16F7-4668-BE54-9A1E7A4F7556}") = "VPS.Tests.RACellularVoucher", "VPS.Tests.RACellularVoucher\VPS.Tests.RACellularVoucher.csproj", "{CFD6907F-D717-4A71-B121-871E74642EAF}"
EndProject
Project("{9A19103F-16F7-4668-BE54-9A1E7A4F7556}") = "PendingBatchVoucherProcessingService", "PendingBatchVoucherProcessingService\PendingBatchVoucherProcessingService.csproj", "{098EFF2C-3097-4709-958A-FAED9D1F8339}"
EndProject
Project("{2150E333-8FDC-42A3-9474-1A3956D46DE8}") = "HollyTopUp", "HollyTopUp", "{6A0E12E2-F49A-460E-A92E-8FE4015E435A}"
EndProject
Project("{9A19103F-16F7-4668-BE54-9A1E7A4F7556}") = "VPS.Tests.HollyTopUp", "VPS.Tests.HollyTopUp\VPS.Tests.HollyTopUp.csproj", "{2DD3B722-7E83-44A4-9446-EED29BA577B1}"
EndProject
Project("{9A19103F-16F7-4668-BE54-9A1E7A4F7556}") = "VPS.RedemptionWidget", "VPS.RedemptionWidget\VPS.RedemptionWidget.csproj", "{E12623AD-6FC9-4C9F-B740-EBE1ADD9A93A}"
EndProject
Project("{9A19103F-16F7-4668-BE54-9A1E7A4F7556}") = "VPS.Provider.Flash", "VPS.Provider.Flash\VPS.Provider.Flash.csproj", "{A3813066-DC73-49DC-A916-2E5FEFFC48D7}"
EndProject
Project("{2150E333-8FDC-42A3-9474-1A3956D46DE8}") = "Flash", "Flash", "{471C7ECD-1FBA-4FE6-95F3-14098552CA68}"
EndProject
Project("{9A19103F-16F7-4668-BE54-9A1E7A4F7556}") = "VPS.Tests.Flash", "VPS.Tests.Flash\VPS.Tests.Flash.csproj", "{9660B4FA-F609-4258-8BE5-4966E9B64D02}"
EndProject
Project("{9A19103F-16F7-4668-BE54-9A1E7A4F7556}") = "VPS.Provider.HollaMobile", "VPS.Provider.HollaMobile\VPS.Provider.HollaMobile.csproj", "{01D334B1-F57F-41E0-999E-E73207E43F0D}"
EndProject
Project("{2150E333-8FDC-42A3-9474-1A3956D46DE8}") = "HollaMobile", "HollaMobile", "{A9E450C3-325F-462D-8D32-0576886D8FB5}"
EndProject
Project("{9A19103F-16F7-4668-BE54-9A1E7A4F7556}") = "VPS.Tests.HollaMobile", "VPS.Tests.HollaMobile\VPS.Tests.HollaMobile.csproj", "{A0DFDB9E-F266-483B-BE5B-DD25C83EE157}"
EndProject
Project("{2150E333-8FDC-42A3-9474-1A3956D46DE8}") = "VRW", "VRW", "{838CC04D-F5C5-4E7D-8CD4-CF1895866A2E}"
EndProject
Project("{FAE04EC0-301F-11D3-BF4B-00C04F79EFBC}") = "VPS.Tests.RedemptionWidget", "VPS.Tests.RedemptionWidget\VPS.Tests.RedemptionWidget.csproj", "{E9BB3B4D-9B91-48D0-9346-C940AB52BD1F}"
EndProject
Global
	GlobalSection(SolutionConfigurationPlatforms) = preSolution
		Debug|Any CPU = Debug|Any CPU
		Release|Any CPU = Release|Any CPU
	EndGlobalSection
	GlobalSection(ProjectConfigurationPlatforms) = postSolution
		{748880FA-19B1-463D-AA2C-89059BC21B1E}.Debug|Any CPU.ActiveCfg = Debug|Any CPU
		{748880FA-19B1-463D-AA2C-89059BC21B1E}.Debug|Any CPU.Build.0 = Debug|Any CPU
		{748880FA-19B1-463D-AA2C-89059BC21B1E}.Release|Any CPU.ActiveCfg = Release|Any CPU
		{748880FA-19B1-463D-AA2C-89059BC21B1E}.Release|Any CPU.Build.0 = Release|Any CPU
		{48A2B7B1-2D38-4476-8EB7-47F35BD130DC}.Debug|Any CPU.ActiveCfg = Debug|Any CPU
		{48A2B7B1-2D38-4476-8EB7-47F35BD130DC}.Debug|Any CPU.Build.0 = Debug|Any CPU
		{48A2B7B1-2D38-4476-8EB7-47F35BD130DC}.Release|Any CPU.ActiveCfg = Release|Any CPU
		{48A2B7B1-2D38-4476-8EB7-47F35BD130DC}.Release|Any CPU.Build.0 = Release|Any CPU
		{49AE2AA1-42A1-459A-8F17-3E1D7DCFC4F9}.Debug|Any CPU.ActiveCfg = Debug|Any CPU
		{49AE2AA1-42A1-459A-8F17-3E1D7DCFC4F9}.Debug|Any CPU.Build.0 = Debug|Any CPU
		{49AE2AA1-42A1-459A-8F17-3E1D7DCFC4F9}.Release|Any CPU.ActiveCfg = Release|Any CPU
		{49AE2AA1-42A1-459A-8F17-3E1D7DCFC4F9}.Release|Any CPU.Build.0 = Release|Any CPU
		{9BB7F1CD-E4BB-4778-8229-45AC68802FBF}.Debug|Any CPU.ActiveCfg = Debug|Any CPU
		{9BB7F1CD-E4BB-4778-8229-45AC68802FBF}.Debug|Any CPU.Build.0 = Debug|Any CPU
		{9BB7F1CD-E4BB-4778-8229-45AC68802FBF}.Release|Any CPU.ActiveCfg = Release|Any CPU
		{9BB7F1CD-E4BB-4778-8229-45AC68802FBF}.Release|Any CPU.Build.0 = Release|Any CPU
		{6A636A0F-8734-4A4A-B773-C3DD55A3483B}.Debug|Any CPU.ActiveCfg = Debug|Any CPU
		{6A636A0F-8734-4A4A-B773-C3DD55A3483B}.Debug|Any CPU.Build.0 = Debug|Any CPU
		{6A636A0F-8734-4A4A-B773-C3DD55A3483B}.Release|Any CPU.ActiveCfg = Release|Any CPU
		{6A636A0F-8734-4A4A-B773-C3DD55A3483B}.Release|Any CPU.Build.0 = Release|Any CPU
		{8F9F1E45-23AF-435C-B4CD-B024069FAFC0}.Debug|Any CPU.ActiveCfg = Debug|Any CPU
		{8F9F1E45-23AF-435C-B4CD-B024069FAFC0}.Debug|Any CPU.Build.0 = Debug|Any CPU
		{8F9F1E45-23AF-435C-B4CD-B024069FAFC0}.Release|Any CPU.ActiveCfg = Release|Any CPU
		{8F9F1E45-23AF-435C-B4CD-B024069FAFC0}.Release|Any CPU.Build.0 = Release|Any CPU
		{4991BD9E-A1ED-4CD8-9612-F1E945C0B708}.Debug|Any CPU.ActiveCfg = Debug|Any CPU
		{4991BD9E-A1ED-4CD8-9612-F1E945C0B708}.Debug|Any CPU.Build.0 = Debug|Any CPU
		{4991BD9E-A1ED-4CD8-9612-F1E945C0B708}.Release|Any CPU.ActiveCfg = Release|Any CPU
		{4991BD9E-A1ED-4CD8-9612-F1E945C0B708}.Release|Any CPU.Build.0 = Release|Any CPU
		{D393327B-DBF7-4954-A4AE-6E891966BCD5}.Debug|Any CPU.ActiveCfg = Debug|Any CPU
		{D393327B-DBF7-4954-A4AE-6E891966BCD5}.Debug|Any CPU.Build.0 = Debug|Any CPU
		{D393327B-DBF7-4954-A4AE-6E891966BCD5}.Release|Any CPU.ActiveCfg = Release|Any CPU
		{D393327B-DBF7-4954-A4AE-6E891966BCD5}.Release|Any CPU.Build.0 = Release|Any CPU
		{47CFD324-263A-48B0-9EBD-457CE82743A4}.Debug|Any CPU.ActiveCfg = Debug|Any CPU
		{47CFD324-263A-48B0-9EBD-457CE82743A4}.Debug|Any CPU.Build.0 = Debug|Any CPU
		{47CFD324-263A-48B0-9EBD-457CE82743A4}.Release|Any CPU.ActiveCfg = Release|Any CPU
		{47CFD324-263A-48B0-9EBD-457CE82743A4}.Release|Any CPU.Build.0 = Release|Any CPU
		{8E9AD527-0219-4E43-842E-E5D9FD098B7F}.Debug|Any CPU.ActiveCfg = Debug|Any CPU
		{8E9AD527-0219-4E43-842E-E5D9FD098B7F}.Debug|Any CPU.Build.0 = Debug|Any CPU
		{8E9AD527-0219-4E43-842E-E5D9FD098B7F}.Release|Any CPU.ActiveCfg = Release|Any CPU
		{8E9AD527-0219-4E43-842E-E5D9FD098B7F}.Release|Any CPU.Build.0 = Release|Any CPU
		{0CD16A93-02FA-44FE-8939-47B2B1F2D409}.Debug|Any CPU.ActiveCfg = Debug|Any CPU
		{0CD16A93-02FA-44FE-8939-47B2B1F2D409}.Debug|Any CPU.Build.0 = Debug|Any CPU
		{0CD16A93-02FA-44FE-8939-47B2B1F2D409}.Release|Any CPU.ActiveCfg = Release|Any CPU
		{0CD16A93-02FA-44FE-8939-47B2B1F2D409}.Release|Any CPU.Build.0 = Release|Any CPU
		{2B034519-621D-48C8-8926-60CB4994B749}.Debug|Any CPU.ActiveCfg = Debug|Any CPU
		{2B034519-621D-48C8-8926-60CB4994B749}.Debug|Any CPU.Build.0 = Debug|Any CPU
		{2B034519-621D-48C8-8926-60CB4994B749}.Release|Any CPU.ActiveCfg = Release|Any CPU
		{2B034519-621D-48C8-8926-60CB4994B749}.Release|Any CPU.Build.0 = Release|Any CPU
		{D4539AB6-D375-4FE7-A073-9E9754B6C98A}.Debug|Any CPU.ActiveCfg = Debug|Any CPU
		{D4539AB6-D375-4FE7-A073-9E9754B6C98A}.Debug|Any CPU.Build.0 = Debug|Any CPU
		{D4539AB6-D375-4FE7-A073-9E9754B6C98A}.Release|Any CPU.ActiveCfg = Release|Any CPU
		{D4539AB6-D375-4FE7-A073-9E9754B6C98A}.Release|Any CPU.Build.0 = Release|Any CPU
		{B50E22E3-D5AB-4CE5-8C23-CC358B3B1632}.Debug|Any CPU.ActiveCfg = Debug|Any CPU
		{B50E22E3-D5AB-4CE5-8C23-CC358B3B1632}.Debug|Any CPU.Build.0 = Debug|Any CPU
		{B50E22E3-D5AB-4CE5-8C23-CC358B3B1632}.Release|Any CPU.ActiveCfg = Release|Any CPU
		{B50E22E3-D5AB-4CE5-8C23-CC358B3B1632}.Release|Any CPU.Build.0 = Release|Any CPU
		{CFD6907F-D717-4A71-B121-871E74642EAF}.Debug|Any CPU.ActiveCfg = Debug|Any CPU
		{CFD6907F-D717-4A71-B121-871E74642EAF}.Debug|Any CPU.Build.0 = Debug|Any CPU
		{CFD6907F-D717-4A71-B121-871E74642EAF}.Release|Any CPU.ActiveCfg = Release|Any CPU
		{CFD6907F-D717-4A71-B121-871E74642EAF}.Release|Any CPU.Build.0 = Release|Any CPU
		{098EFF2C-3097-4709-958A-FAED9D1F8339}.Debug|Any CPU.ActiveCfg = Debug|Any CPU
		{098EFF2C-3097-4709-958A-FAED9D1F8339}.Debug|Any CPU.Build.0 = Debug|Any CPU
		{098EFF2C-3097-4709-958A-FAED9D1F8339}.Release|Any CPU.ActiveCfg = Release|Any CPU
		{098EFF2C-3097-4709-958A-FAED9D1F8339}.Release|Any CPU.Build.0 = Release|Any CPU
		{2DD3B722-7E83-44A4-9446-EED29BA577B1}.Debug|Any CPU.ActiveCfg = Debug|Any CPU
		{2DD3B722-7E83-44A4-9446-EED29BA577B1}.Debug|Any CPU.Build.0 = Debug|Any CPU
		{2DD3B722-7E83-44A4-9446-EED29BA577B1}.Release|Any CPU.ActiveCfg = Release|Any CPU
		{2DD3B722-7E83-44A4-9446-EED29BA577B1}.Release|Any CPU.Build.0 = Release|Any CPU
		{E12623AD-6FC9-4C9F-B740-EBE1ADD9A93A}.Debug|Any CPU.ActiveCfg = Debug|Any CPU
		{E12623AD-6FC9-4C9F-B740-EBE1ADD9A93A}.Debug|Any CPU.Build.0 = Debug|Any CPU
		{E12623AD-6FC9-4C9F-B740-EBE1ADD9A93A}.Release|Any CPU.ActiveCfg = Release|Any CPU
		{E12623AD-6FC9-4C9F-B740-EBE1ADD9A93A}.Release|Any CPU.Build.0 = Release|Any CPU
		{A3813066-DC73-49DC-A916-2E5FEFFC48D7}.Debug|Any CPU.ActiveCfg = Debug|Any CPU
		{A3813066-DC73-49DC-A916-2E5FEFFC48D7}.Debug|Any CPU.Build.0 = Debug|Any CPU
		{A3813066-DC73-49DC-A916-2E5FEFFC48D7}.Release|Any CPU.ActiveCfg = Release|Any CPU
		{A3813066-DC73-49DC-A916-2E5FEFFC48D7}.Release|Any CPU.Build.0 = Release|Any CPU
		{9660B4FA-F609-4258-8BE5-4966E9B64D02}.Debug|Any CPU.ActiveCfg = Debug|Any CPU
		{9660B4FA-F609-4258-8BE5-4966E9B64D02}.Debug|Any CPU.Build.0 = Debug|Any CPU
		{9660B4FA-F609-4258-8BE5-4966E9B64D02}.Release|Any CPU.ActiveCfg = Release|Any CPU
		{9660B4FA-F609-4258-8BE5-4966E9B64D02}.Release|Any CPU.Build.0 = Release|Any CPU
		{01D334B1-F57F-41E0-999E-E73207E43F0D}.Debug|Any CPU.ActiveCfg = Debug|Any CPU
		{01D334B1-F57F-41E0-999E-E73207E43F0D}.Debug|Any CPU.Build.0 = Debug|Any CPU
		{01D334B1-F57F-41E0-999E-E73207E43F0D}.Release|Any CPU.ActiveCfg = Release|Any CPU
		{01D334B1-F57F-41E0-999E-E73207E43F0D}.Release|Any CPU.Build.0 = Release|Any CPU
		{A0DFDB9E-F266-483B-BE5B-DD25C83EE157}.Debug|Any CPU.ActiveCfg = Debug|Any CPU
		{A0DFDB9E-F266-483B-BE5B-DD25C83EE157}.Debug|Any CPU.Build.0 = Debug|Any CPU
		{A0DFDB9E-F266-483B-BE5B-DD25C83EE157}.Release|Any CPU.ActiveCfg = Release|Any CPU
		{A0DFDB9E-F266-483B-BE5B-DD25C83EE157}.Release|Any CPU.Build.0 = Release|Any CPU
		{E9BB3B4D-9B91-48D0-9346-C940AB52BD1F}.Debug|Any CPU.ActiveCfg = Debug|Any CPU
		{E9BB3B4D-9B91-48D0-9346-C940AB52BD1F}.Debug|Any CPU.Build.0 = Debug|Any CPU
		{E9BB3B4D-9B91-48D0-9346-C940AB52BD1F}.Release|Any CPU.ActiveCfg = Release|Any CPU
		{E9BB3B4D-9B91-48D0-9346-C940AB52BD1F}.Release|Any CPU.Build.0 = Release|Any CPU
	EndGlobalSection
	GlobalSection(SolutionProperties) = preSolution
		HideSolutionNode = FALSE
	EndGlobalSection
	GlobalSection(NestedProjects) = preSolution
		{748880FA-19B1-463D-AA2C-89059BC21B1E} = {E605DEF9-DA3B-4189-93B4-8C3E7FFB7A5B}
		{48A2B7B1-2D38-4476-8EB7-47F35BD130DC} = {17EBF04F-CCE9-4D45-A2AF-4CF03851BFC1}
		{49AE2AA1-42A1-459A-8F17-3E1D7DCFC4F9} = {35B15B04-A6A2-442A-86AF-52771649690B}
		{9BB7F1CD-E4BB-4778-8229-45AC68802FBF} = {694DFFE1-9854-43F6-8B93-02E701858A23}
		{5A98640B-9FA1-4CE0-B7E0-AFC0DCE28A5A} = {EB14ED5C-512F-442A-990B-AE2462DA5145}
		{6A636A0F-8734-4A4A-B773-C3DD55A3483B} = {5A98640B-9FA1-4CE0-B7E0-AFC0DCE28A5A}
		{8F9F1E45-23AF-435C-B4CD-B024069FAFC0} = {3B6AC640-3D43-44BC-815D-924B4536B62D}
		{1A6DF25E-8D06-4BE6-BBAC-27A433CE6A99} = {EB14ED5C-512F-442A-990B-AE2462DA5145}
		{4991BD9E-A1ED-4CD8-9612-F1E945C0B708} = {694DFFE1-9854-43F6-8B93-02E701858A23}
		{D393327B-DBF7-4954-A4AE-6E891966BCD5} = {1A6DF25E-8D06-4BE6-BBAC-27A433CE6A99}
		{47CFD324-263A-48B0-9EBD-457CE82743A4} = {4FB746E8-244A-4E82-BDAD-F44D0462398E}
		{8E9AD527-0219-4E43-842E-E5D9FD098B7F} = {694DFFE1-9854-43F6-8B93-02E701858A23}
		{3E77412B-8D25-4A76-8BFB-F04449BB36F4} = {EB14ED5C-512F-442A-990B-AE2462DA5145}
		{0CD16A93-02FA-44FE-8939-47B2B1F2D409} = {3E77412B-8D25-4A76-8BFB-F04449BB36F4}
		{2B034519-621D-48C8-8926-60CB4994B749} = {694DFFE1-9854-43F6-8B93-02E701858A23}
		{1711F8E1-AFCA-4516-9252-1715B62DF2CE} = {EB14ED5C-512F-442A-990B-AE2462DA5145}
		{D4539AB6-D375-4FE7-A073-9E9754B6C98A} = {1711F8E1-AFCA-4516-9252-1715B62DF2CE}
		{B50E22E3-D5AB-4CE5-8C23-CC358B3B1632} = {694DFFE1-9854-43F6-8B93-02E701858A23}
		{A32A195F-BC02-48F9-8D94-3436F5E8B274} = {EB14ED5C-512F-442A-990B-AE2462DA5145}
		{CFD6907F-D717-4A71-B121-871E74642EAF} = {A32A195F-BC02-48F9-8D94-3436F5E8B274}
		{098EFF2C-3097-4709-958A-FAED9D1F8339} = {3B6AC640-3D43-44BC-815D-924B4536B62D}
		{6A0E12E2-F49A-460E-A92E-8FE4015E435A} = {EB14ED5C-512F-442A-990B-AE2462DA5145}
		{2DD3B722-7E83-44A4-9446-EED29BA577B1} = {6A0E12E2-F49A-460E-A92E-8FE4015E435A}
		{E12623AD-6FC9-4C9F-B740-EBE1ADD9A93A} = {2360EB43-3ADD-4FD1-AA1E-FF198B4EFF25}
		{A3813066-DC73-49DC-A916-2E5FEFFC48D7} = {694DFFE1-9854-43F6-8B93-02E701858A23}
		{471C7ECD-1FBA-4FE6-95F3-14098552CA68} = {EB14ED5C-512F-442A-990B-AE2462DA5145}
		{9660B4FA-F609-4258-8BE5-4966E9B64D02} = {471C7ECD-1FBA-4FE6-95F3-14098552CA68}
		{01D334B1-F57F-41E0-999E-E73207E43F0D} = {694DFFE1-9854-43F6-8B93-02E701858A23}
		{A9E450C3-325F-462D-8D32-0576886D8FB5} = {EB14ED5C-512F-442A-990B-AE2462DA5145}
		{A0DFDB9E-F266-483B-BE5B-DD25C83EE157} = {A9E450C3-325F-462D-8D32-0576886D8FB5}
		{838CC04D-F5C5-4E7D-8CD4-CF1895866A2E} = {EB14ED5C-512F-442A-990B-AE2462DA5145}
		{E9BB3B4D-9B91-48D0-9346-C940AB52BD1F} = {838CC04D-F5C5-4E7D-8CD4-CF1895866A2E}
	EndGlobalSection
	GlobalSection(ExtensibilityGlobals) = postSolution
		SolutionGuid = {B901CA8E-E812-44B8-9832-B47F8DF06EB9}
	EndGlobalSection
EndGlobal
